
Microsoft Visual Studio Solution File, Format Version 12.00
# Visual Studio Version 17
VisualStudioVersion = 17.3.32811.315
MinimumVisualStudioVersion = 10.0.40219.1
Project("{9A19103F-16F7-4668-BE54-9A1E7A4F7556}") = "AtataSamples.PageVerification", "PageVerification\AtataSamples.PageVerification\AtataSamples.PageVerification.csproj", "{8D9849F9-AE79-45CB-BD14-99D5CABADE26}"
EndProject
Project("{9A19103F-16F7-4668-BE54-9A1E7A4F7556}") = "AtataSamples.ValidationMessagesVerification", "ValidationMessagesVerification\AtataSamples.ValidationMessagesVerification\AtataSamples.ValidationMessagesVerification.csproj", "{62A7531B-BB9B-4DAC-A874-5945D89E8D60}"
EndProject
Project("{9A19103F-16F7-4668-BE54-9A1E7A4F7556}") = "SampleApp.UITests", "SampleApp.UITests\SampleApp.UITests\SampleApp.UITests.csproj", "{57EF6AC7-C4A0-45FD-B61D-0CEA8A8E8FE2}"
EndProject
Project("{9A19103F-16F7-4668-BE54-9A1E7A4F7556}") = "AtataSamples.MultipleBrowsersViaFixtureArguments", "MultipleBrowsersViaFixtureArguments\AtataSamples.MultipleBrowsersViaFixtureArguments\AtataSamples.MultipleBrowsersViaFixtureArguments.csproj", "{67DBC114-6253-4210-8799-318E3099012B}"
EndProject
Project("{9A19103F-16F7-4668-BE54-9A1E7A4F7556}") = "AtataSamples.Xunit", "Xunit\AtataSamples.Xunit\AtataSamples.Xunit.csproj", "{606968C2-2C1F-427E-BE0F-D54D9602D271}"
EndProject
Project("{2150E333-8FDC-42A3-9474-1A3956D46DE8}") = "Solution Items", "Solution Items", "{192E13F2-560C-4C9A-9E3E-D9DE4D97BA43}"
	ProjectSection(SolutionItems) = preProject
		azure-pipelines.runsettings = azure-pipelines.runsettings
		azure-pipelines.yml = azure-pipelines.yml
		README.md = README.md
	EndProjectSection
EndProject
Project("{9A19103F-16F7-4668-BE54-9A1E7A4F7556}") = "AtataSamples.ConfirmationPopups", "ConfirmationPopups\AtataSamples.ConfirmationPopups\AtataSamples.ConfirmationPopups.csproj", "{A659A370-ADF1-4BF7-B545-630EEDED8AA3}"
EndProject
Project("{9A19103F-16F7-4668-BE54-9A1E7A4F7556}") = "AtataSamples.CsvDataSource", "CsvDataSource\AtataSamples.CsvDataSource\AtataSamples.CsvDataSource.csproj", "{817CD90A-097D-4A03-9BF7-15FE26A41C8C}"
EndProject
Project("{9A19103F-16F7-4668-BE54-9A1E7A4F7556}") = "AtataSamples.JsonConfiguration.MultiEnvironment", "JsonConfiguration.MultiEnvironment\AtataSamples.JsonConfiguration.MultiEnvironment\AtataSamples.JsonConfiguration.MultiEnvironment.csproj", "{9509C8F8-E9FA-492E-8E92-4E1964947FA9}"
EndProject
Project("{9A19103F-16F7-4668-BE54-9A1E7A4F7556}") = "AtataSamples.MSTest", "MSTest\AtataSamples.MSTest\AtataSamples.MSTest.csproj", "{D35613E8-170A-4C6E-9369-87A3996B53B5}"
EndProject
Project("{9A19103F-16F7-4668-BE54-9A1E7A4F7556}") = "AtataSamples.AppConfig", "AppConfig\AtataSamples.AppConfig\AtataSamples.AppConfig.csproj", "{F504BB5B-BFE4-4CD8-93CF-505C770B11C6}"
EndProject
Project("{9A19103F-16F7-4668-BE54-9A1E7A4F7556}") = "AtataSamples.Performance.ControlList", "Performance.ControlList\AtataSamples.Performance.ControlList\AtataSamples.Performance.ControlList.csproj", "{F296B150-C376-44BF-8E82-212031B37736}"
EndProject
Project("{9A19103F-16F7-4668-BE54-9A1E7A4F7556}") = "AtataSamples.TableWithRowSpannedCells", "TableWithRowSpannedCells\AtataSamples.TableWithRowSpannedCells\AtataSamples.TableWithRowSpannedCells.csproj", "{0BBFDE9A-5075-4EA4-941B-8A8663621FFA}"
EndProject
Project("{9A19103F-16F7-4668-BE54-9A1E7A4F7556}") = "AtataSamples.JsonConfiguration.MultiBrowserViaFixtureArgs", "JsonConfiguration.MultiBrowserViaFixtureArgs\AtataSamples.JsonConfiguration.MultiBrowserViaFixtureArgs\AtataSamples.JsonConfiguration.MultiBrowserViaFixtureArgs.csproj", "{C6E411D5-3D0D-4EC6-8D06-382B6E1769E1}"
EndProject
Project("{9A19103F-16F7-4668-BE54-9A1E7A4F7556}") = "AtataSamples.SpecFlow", "SpecFlow\AtataSamples.SpecFlow\AtataSamples.SpecFlow.csproj", "{1C4E1D11-ADE1-44F5-B163-6377C5CF80C4}"
EndProject
Project("{9A19103F-16F7-4668-BE54-9A1E7A4F7556}") = "AtataSamples.ParallelTestsReusingDrivers", "ParallelTestsReusingDrivers\AtataSamples.ParallelTestsReusingDrivers\AtataSamples.ParallelTestsReusingDrivers.csproj", "{108B7094-646A-4149-B278-5177CEFE7F0C}"
EndProject
Project("{9A19103F-16F7-4668-BE54-9A1E7A4F7556}") = "AtataSamples.NUnit.GenericPageTests", "NUnit.GenericPageTests\AtataSamples.NUnit.GenericPageTests\AtataSamples.NUnit.GenericPageTests.csproj", "{04992A1E-E64E-4A01-B633-EF17ADAEC62B}"
EndProject
Project("{9A19103F-16F7-4668-BE54-9A1E7A4F7556}") = "AtataSamples.HeadlessEdge", "HeadlessEdge\AtataSamples.HeadlessEdge\AtataSamples.HeadlessEdge.csproj", "{CD9B7652-0729-4A32-A913-C17B4B06519D}"
EndProject
Project("{9A19103F-16F7-4668-BE54-9A1E7A4F7556}") = "AtataSamples.JQueryUI", "JQueryUI\AtataSamples.JQueryUI\AtataSamples.JQueryUI.csproj", "{88FA6DC7-D453-472D-90AC-E7C0A47D3085}"
EndProject
Project("{9A19103F-16F7-4668-BE54-9A1E7A4F7556}") = "AtataSamples.ExtentReports", "ExtentReports\AtataSamples.ExtentReports\AtataSamples.ExtentReports.csproj", "{39BCF494-B0B7-4849-8FBF-7A3310046C57}"
EndProject
Project("{9A19103F-16F7-4668-BE54-9A1E7A4F7556}") = "AtataSamples.MultipleBrowsersInTest", "MultipleBrowsersInTest\AtataSamples.MultipleBrowsersInTest\AtataSamples.MultipleBrowsersInTest.csproj", "{0FF33EF7-4ECD-430B-8CA4-A25AE25A3F3A}"
EndProject
Project("{9A19103F-16F7-4668-BE54-9A1E7A4F7556}") = "AtataSamples.FixtureReusingDriver", "FixtureReusingDriver\AtataSamples.FixtureReusingDriver\AtataSamples.FixtureReusingDriver.csproj", "{2BF60EDA-115A-4218-8854-31319352A5D9}"
EndProject
Project("{9A19103F-16F7-4668-BE54-9A1E7A4F7556}") = "AtataSamples.ExtJS", "ExtJS\AtataSamples.ExtJS\AtataSamples.ExtJS.csproj", "{6F16C14D-B955-40F3-BE45-0796BAF064AE}"
EndProject
Project("{9A19103F-16F7-4668-BE54-9A1E7A4F7556}") = "AtataSamples.MultipleBrowsersViaRunSettings", "MultipleBrowsersViaRunSettings\AtataSamples.MultipleBrowsersViaRunSettings\AtataSamples.MultipleBrowsersViaRunSettings.csproj", "{A8259227-103C-48BA-9C62-180C78C54348}"
EndProject
Project("{9A19103F-16F7-4668-BE54-9A1E7A4F7556}") = "AtataSamples.DownloadFile", "DownloadFile\AtataSamples.DownloadFile\AtataSamples.DownloadFile.csproj", "{CA3E6107-8CD7-4B81-8147-656112BA965E}"
EndProject
Project("{9A19103F-16F7-4668-BE54-9A1E7A4F7556}") = "AtataSamples.MaterialUI", "MaterialUI\AtataSamples.MaterialUI\AtataSamples.MaterialUI.csproj", "{994D09C2-3DB1-4B4B-9F22-9226E40E4882}"
EndProject
Project("{9A19103F-16F7-4668-BE54-9A1E7A4F7556}") = "AtataSamples.SalesforceLightning", "SalesforceLightning\AtataSamples.SalesforceLightning\AtataSamples.SalesforceLightning.csproj", "{EA3945C9-3674-4D15-9366-7EC1D50911C1}"
EndProject
Project("{9A19103F-16F7-4668-BE54-9A1E7A4F7556}") = "AtataSamples.JsonExtendedConfiguration", "JsonExtendedConfiguration\AtataSamples.JsonExtendedConfiguration\AtataSamples.JsonExtendedConfiguration.csproj", "{7E7CAFC2-8AEE-4509-B8FC-041D56548368}"
EndProject
Global
	GlobalSection(SolutionConfigurationPlatforms) = preSolution
		Debug|Any CPU = Debug|Any CPU
		Release|Any CPU = Release|Any CPU
	EndGlobalSection
	GlobalSection(ProjectConfigurationPlatforms) = postSolution
		{8D9849F9-AE79-45CB-BD14-99D5CABADE26}.Debug|Any CPU.ActiveCfg = Debug|Any CPU
		{8D9849F9-AE79-45CB-BD14-99D5CABADE26}.Debug|Any CPU.Build.0 = Debug|Any CPU
		{8D9849F9-AE79-45CB-BD14-99D5CABADE26}.Release|Any CPU.ActiveCfg = Release|Any CPU
		{8D9849F9-AE79-45CB-BD14-99D5CABADE26}.Release|Any CPU.Build.0 = Release|Any CPU
		{62A7531B-BB9B-4DAC-A874-5945D89E8D60}.Debug|Any CPU.ActiveCfg = Debug|Any CPU
		{62A7531B-BB9B-4DAC-A874-5945D89E8D60}.Debug|Any CPU.Build.0 = Debug|Any CPU
		{62A7531B-BB9B-4DAC-A874-5945D89E8D60}.Release|Any CPU.ActiveCfg = Release|Any CPU
		{62A7531B-BB9B-4DAC-A874-5945D89E8D60}.Release|Any CPU.Build.0 = Release|Any CPU
		{57EF6AC7-C4A0-45FD-B61D-0CEA8A8E8FE2}.Debug|Any CPU.ActiveCfg = Debug|Any CPU
		{57EF6AC7-C4A0-45FD-B61D-0CEA8A8E8FE2}.Debug|Any CPU.Build.0 = Debug|Any CPU
		{57EF6AC7-C4A0-45FD-B61D-0CEA8A8E8FE2}.Release|Any CPU.ActiveCfg = Release|Any CPU
		{57EF6AC7-C4A0-45FD-B61D-0CEA8A8E8FE2}.Release|Any CPU.Build.0 = Release|Any CPU
		{67DBC114-6253-4210-8799-318E3099012B}.Debug|Any CPU.ActiveCfg = Debug|Any CPU
		{67DBC114-6253-4210-8799-318E3099012B}.Debug|Any CPU.Build.0 = Debug|Any CPU
		{67DBC114-6253-4210-8799-318E3099012B}.Release|Any CPU.ActiveCfg = Release|Any CPU
		{67DBC114-6253-4210-8799-318E3099012B}.Release|Any CPU.Build.0 = Release|Any CPU
		{606968C2-2C1F-427E-BE0F-D54D9602D271}.Debug|Any CPU.ActiveCfg = Debug|Any CPU
		{606968C2-2C1F-427E-BE0F-D54D9602D271}.Debug|Any CPU.Build.0 = Debug|Any CPU
		{606968C2-2C1F-427E-BE0F-D54D9602D271}.Release|Any CPU.ActiveCfg = Release|Any CPU
		{606968C2-2C1F-427E-BE0F-D54D9602D271}.Release|Any CPU.Build.0 = Release|Any CPU
		{A659A370-ADF1-4BF7-B545-630EEDED8AA3}.Debug|Any CPU.ActiveCfg = Debug|Any CPU
		{A659A370-ADF1-4BF7-B545-630EEDED8AA3}.Debug|Any CPU.Build.0 = Debug|Any CPU
		{A659A370-ADF1-4BF7-B545-630EEDED8AA3}.Release|Any CPU.ActiveCfg = Release|Any CPU
		{A659A370-ADF1-4BF7-B545-630EEDED8AA3}.Release|Any CPU.Build.0 = Release|Any CPU
		{817CD90A-097D-4A03-9BF7-15FE26A41C8C}.Debug|Any CPU.ActiveCfg = Debug|Any CPU
		{817CD90A-097D-4A03-9BF7-15FE26A41C8C}.Debug|Any CPU.Build.0 = Debug|Any CPU
		{817CD90A-097D-4A03-9BF7-15FE26A41C8C}.Release|Any CPU.ActiveCfg = Release|Any CPU
		{817CD90A-097D-4A03-9BF7-15FE26A41C8C}.Release|Any CPU.Build.0 = Release|Any CPU
		{9509C8F8-E9FA-492E-8E92-4E1964947FA9}.Debug|Any CPU.ActiveCfg = Debug|Any CPU
		{9509C8F8-E9FA-492E-8E92-4E1964947FA9}.Debug|Any CPU.Build.0 = Debug|Any CPU
		{9509C8F8-E9FA-492E-8E92-4E1964947FA9}.Release|Any CPU.ActiveCfg = STAGING|Any CPU
		{9509C8F8-E9FA-492E-8E92-4E1964947FA9}.Release|Any CPU.Build.0 = STAGING|Any CPU
		{D35613E8-170A-4C6E-9369-87A3996B53B5}.Debug|Any CPU.ActiveCfg = Debug|Any CPU
		{D35613E8-170A-4C6E-9369-87A3996B53B5}.Debug|Any CPU.Build.0 = Debug|Any CPU
		{D35613E8-170A-4C6E-9369-87A3996B53B5}.Release|Any CPU.ActiveCfg = Release|Any CPU
		{D35613E8-170A-4C6E-9369-87A3996B53B5}.Release|Any CPU.Build.0 = Release|Any CPU
		{F504BB5B-BFE4-4CD8-93CF-505C770B11C6}.Debug|Any CPU.ActiveCfg = Debug|Any CPU
		{F504BB5B-BFE4-4CD8-93CF-505C770B11C6}.Debug|Any CPU.Build.0 = Debug|Any CPU
		{F504BB5B-BFE4-4CD8-93CF-505C770B11C6}.Release|Any CPU.ActiveCfg = Release|Any CPU
		{F504BB5B-BFE4-4CD8-93CF-505C770B11C6}.Release|Any CPU.Build.0 = Release|Any CPU
		{F296B150-C376-44BF-8E82-212031B37736}.Debug|Any CPU.ActiveCfg = Debug|Any CPU
		{F296B150-C376-44BF-8E82-212031B37736}.Debug|Any CPU.Build.0 = Debug|Any CPU
		{F296B150-C376-44BF-8E82-212031B37736}.Release|Any CPU.ActiveCfg = Release|Any CPU
		{F296B150-C376-44BF-8E82-212031B37736}.Release|Any CPU.Build.0 = Release|Any CPU
		{0BBFDE9A-5075-4EA4-941B-8A8663621FFA}.Debug|Any CPU.ActiveCfg = Debug|Any CPU
		{0BBFDE9A-5075-4EA4-941B-8A8663621FFA}.Debug|Any CPU.Build.0 = Debug|Any CPU
		{0BBFDE9A-5075-4EA4-941B-8A8663621FFA}.Release|Any CPU.ActiveCfg = Release|Any CPU
		{0BBFDE9A-5075-4EA4-941B-8A8663621FFA}.Release|Any CPU.Build.0 = Release|Any CPU
		{C6E411D5-3D0D-4EC6-8D06-382B6E1769E1}.Debug|Any CPU.ActiveCfg = Debug|Any CPU
		{C6E411D5-3D0D-4EC6-8D06-382B6E1769E1}.Debug|Any CPU.Build.0 = Debug|Any CPU
		{C6E411D5-3D0D-4EC6-8D06-382B6E1769E1}.Release|Any CPU.ActiveCfg = Release|Any CPU
		{C6E411D5-3D0D-4EC6-8D06-382B6E1769E1}.Release|Any CPU.Build.0 = Release|Any CPU
		{1C4E1D11-ADE1-44F5-B163-6377C5CF80C4}.Debug|Any CPU.ActiveCfg = Debug|Any CPU
		{1C4E1D11-ADE1-44F5-B163-6377C5CF80C4}.Debug|Any CPU.Build.0 = Debug|Any CPU
		{1C4E1D11-ADE1-44F5-B163-6377C5CF80C4}.Release|Any CPU.ActiveCfg = Release|Any CPU
		{1C4E1D11-ADE1-44F5-B163-6377C5CF80C4}.Release|Any CPU.Build.0 = Release|Any CPU
		{108B7094-646A-4149-B278-5177CEFE7F0C}.Debug|Any CPU.ActiveCfg = Debug|Any CPU
		{108B7094-646A-4149-B278-5177CEFE7F0C}.Debug|Any CPU.Build.0 = Debug|Any CPU
		{108B7094-646A-4149-B278-5177CEFE7F0C}.Release|Any CPU.ActiveCfg = Release|Any CPU
		{108B7094-646A-4149-B278-5177CEFE7F0C}.Release|Any CPU.Build.0 = Release|Any CPU
		{04992A1E-E64E-4A01-B633-EF17ADAEC62B}.Debug|Any CPU.ActiveCfg = Debug|Any CPU
		{04992A1E-E64E-4A01-B633-EF17ADAEC62B}.Debug|Any CPU.Build.0 = Debug|Any CPU
		{04992A1E-E64E-4A01-B633-EF17ADAEC62B}.Release|Any CPU.ActiveCfg = Release|Any CPU
		{04992A1E-E64E-4A01-B633-EF17ADAEC62B}.Release|Any CPU.Build.0 = Release|Any CPU
		{CD9B7652-0729-4A32-A913-C17B4B06519D}.Debug|Any CPU.ActiveCfg = Debug|Any CPU
		{CD9B7652-0729-4A32-A913-C17B4B06519D}.Debug|Any CPU.Build.0 = Debug|Any CPU
		{CD9B7652-0729-4A32-A913-C17B4B06519D}.Release|Any CPU.ActiveCfg = Release|Any CPU
		{CD9B7652-0729-4A32-A913-C17B4B06519D}.Release|Any CPU.Build.0 = Release|Any CPU
		{88FA6DC7-D453-472D-90AC-E7C0A47D3085}.Debug|Any CPU.ActiveCfg = Debug|Any CPU
		{88FA6DC7-D453-472D-90AC-E7C0A47D3085}.Debug|Any CPU.Build.0 = Debug|Any CPU
		{88FA6DC7-D453-472D-90AC-E7C0A47D3085}.Release|Any CPU.ActiveCfg = Release|Any CPU
		{88FA6DC7-D453-472D-90AC-E7C0A47D3085}.Release|Any CPU.Build.0 = Release|Any CPU
		{39BCF494-B0B7-4849-8FBF-7A3310046C57}.Debug|Any CPU.ActiveCfg = Debug|Any CPU
		{39BCF494-B0B7-4849-8FBF-7A3310046C57}.Debug|Any CPU.Build.0 = Debug|Any CPU
		{39BCF494-B0B7-4849-8FBF-7A3310046C57}.Release|Any CPU.ActiveCfg = Release|Any CPU
		{39BCF494-B0B7-4849-8FBF-7A3310046C57}.Release|Any CPU.Build.0 = Release|Any CPU
		{0FF33EF7-4ECD-430B-8CA4-A25AE25A3F3A}.Debug|Any CPU.ActiveCfg = Debug|Any CPU
		{0FF33EF7-4ECD-430B-8CA4-A25AE25A3F3A}.Debug|Any CPU.Build.0 = Debug|Any CPU
		{0FF33EF7-4ECD-430B-8CA4-A25AE25A3F3A}.Release|Any CPU.ActiveCfg = Release|Any CPU
		{0FF33EF7-4ECD-430B-8CA4-A25AE25A3F3A}.Release|Any CPU.Build.0 = Release|Any CPU
		{2BF60EDA-115A-4218-8854-31319352A5D9}.Debug|Any CPU.ActiveCfg = Debug|Any CPU
		{2BF60EDA-115A-4218-8854-31319352A5D9}.Debug|Any CPU.Build.0 = Debug|Any CPU
		{2BF60EDA-115A-4218-8854-31319352A5D9}.Release|Any CPU.ActiveCfg = Release|Any CPU
		{2BF60EDA-115A-4218-8854-31319352A5D9}.Release|Any CPU.Build.0 = Release|Any CPU
		{6F16C14D-B955-40F3-BE45-0796BAF064AE}.Debug|Any CPU.ActiveCfg = Debug|Any CPU
		{6F16C14D-B955-40F3-BE45-0796BAF064AE}.Debug|Any CPU.Build.0 = Debug|Any CPU
		{6F16C14D-B955-40F3-BE45-0796BAF064AE}.Release|Any CPU.ActiveCfg = Release|Any CPU
		{6F16C14D-B955-40F3-BE45-0796BAF064AE}.Release|Any CPU.Build.0 = Release|Any CPU
		{A8259227-103C-48BA-9C62-180C78C54348}.Debug|Any CPU.ActiveCfg = Debug|Any CPU
		{A8259227-103C-48BA-9C62-180C78C54348}.Debug|Any CPU.Build.0 = Debug|Any CPU
		{A8259227-103C-48BA-9C62-180C78C54348}.Release|Any CPU.ActiveCfg = Release|Any CPU
		{A8259227-103C-48BA-9C62-180C78C54348}.Release|Any CPU.Build.0 = Release|Any CPU
		{CA3E6107-8CD7-4B81-8147-656112BA965E}.Debug|Any CPU.ActiveCfg = Debug|Any CPU
		{CA3E6107-8CD7-4B81-8147-656112BA965E}.Debug|Any CPU.Build.0 = Debug|Any CPU
		{CA3E6107-8CD7-4B81-8147-656112BA965E}.Release|Any CPU.ActiveCfg = Release|Any CPU
		{CA3E6107-8CD7-4B81-8147-656112BA965E}.Release|Any CPU.Build.0 = Release|Any CPU
		{994D09C2-3DB1-4B4B-9F22-9226E40E4882}.Debug|Any CPU.ActiveCfg = Debug|Any CPU
		{994D09C2-3DB1-4B4B-9F22-9226E40E4882}.Debug|Any CPU.Build.0 = Debug|Any CPU
		{994D09C2-3DB1-4B4B-9F22-9226E40E4882}.Release|Any CPU.ActiveCfg = Release|Any CPU
		{994D09C2-3DB1-4B4B-9F22-9226E40E4882}.Release|Any CPU.Build.0 = Release|Any CPU
		{EA3945C9-3674-4D15-9366-7EC1D50911C1}.Debug|Any CPU.ActiveCfg = Debug|Any CPU
		{EA3945C9-3674-4D15-9366-7EC1D50911C1}.Debug|Any CPU.Build.0 = Debug|Any CPU
		{EA3945C9-3674-4D15-9366-7EC1D50911C1}.Release|Any CPU.ActiveCfg = Release|Any CPU
		{EA3945C9-3674-4D15-9366-7EC1D50911C1}.Release|Any CPU.Build.0 = Release|Any CPU
		{7E7CAFC2-8AEE-4509-B8FC-041D56548368}.Debug|Any CPU.ActiveCfg = Debug|Any CPU
		{7E7CAFC2-8AEE-4509-B8FC-041D56548368}.Debug|Any CPU.Build.0 = Debug|Any CPU
		{7E7CAFC2-8AEE-4509-B8FC-041D56548368}.Release|Any CPU.ActiveCfg = Release|Any CPU
		{7E7CAFC2-8AEE-4509-B8FC-041D56548368}.Release|Any CPU.Build.0 = Release|Any CPU
	EndGlobalSection
	GlobalSection(SolutionProperties) = preSolution
		HideSolutionNode = FALSE
	EndGlobalSection
	GlobalSection(ExtensibilityGlobals) = postSolution
		SolutionGuid = {4307CAF0-B589-437F-9383-86D88810C7A4}
	EndGlobalSection
EndGlobal
