
Microsoft Visual Studio Solution File, Format Version 12.00
# Visual Studio Version 16
VisualStudioVersion = 16.0.30330.147
MinimumVisualStudioVersion = 10.0.40219.1
Project("{9A19103F-16F7-4668-BE54-9A1E7A4F7556}") = "AtataSamples.PageVerification", "PageVerification\AtataSamples.PageVerification\AtataSamples.PageVerification.csproj", "{8D9849F9-AE79-45CB-BD14-99D5CABADE26}"
EndProject
Project("{9A19103F-16F7-4668-BE54-9A1E7A4F7556}") = "AtataSamples.ValidationMessagesVerification", "ValidationMessagesVerification\AtataSamples.ValidationMessagesVerification\AtataSamples.ValidationMessagesVerification.csproj", "{62A7531B-BB9B-4DAC-A874-5945D89E8D60}"
EndProject
Project("{9A19103F-16F7-4668-BE54-9A1E7A4F7556}") = "SampleApp.UITests", "SampleApp.UITests\SampleApp.UITests\SampleApp.UITests.csproj", "{57EF6AC7-C4A0-45FD-B61D-0CEA8A8E8FE2}"
EndProject
Project("{9A19103F-16F7-4668-BE54-9A1E7A4F7556}") = "AtataSamples.MultipleBrowsersViaFixtureArguments", "MultipleBrowsersViaFixtureArguments\AtataSamples.MultipleBrowsersViaFixtureArguments\AtataSamples.MultipleBrowsersViaFixtureArguments.csproj", "{67DBC114-6253-4210-8799-318E3099012B}"
EndProject
Project("{9A19103F-16F7-4668-BE54-9A1E7A4F7556}") = "AtataSamples.Xunit", "Xunit\AtataSamples.Xunit\AtataSamples.Xunit.csproj", "{606968C2-2C1F-427E-BE0F-D54D9602D271}"
EndProject
Project("{2150E333-8FDC-42A3-9474-1A3956D46DE8}") = "Solution Items", "Solution Items", "{192E13F2-560C-4C9A-9E3E-D9DE4D97BA43}"
	ProjectSection(SolutionItems) = preProject
		azure-pipelines.yml = azure-pipelines.yml
		README.md = README.md
	EndProjectSection
EndProject
Project("{9A19103F-16F7-4668-BE54-9A1E7A4F7556}") = "AtataSamples.ConfirmationPopups", "ConfirmationPopups\AtataSamples.ConfirmationPopups\AtataSamples.ConfirmationPopups.csproj", "{A659A370-ADF1-4BF7-B545-630EEDED8AA3}"
EndProject
Project("{9A19103F-16F7-4668-BE54-9A1E7A4F7556}") = "AtataSamples.CsvDataSource", "CsvDataSource\AtataSamples.CsvDataSource\AtataSamples.CsvDataSource.csproj", "{817CD90A-097D-4A03-9BF7-15FE26A41C8C}"
EndProject
Project("{9A19103F-16F7-4668-BE54-9A1E7A4F7556}") = "AtataSamples.JsonConfiguration.MultiEnvironment", "JsonConfiguration.MultiEnvironment\AtataSamples.JsonConfiguration.MultiEnvironment\AtataSamples.JsonConfiguration.MultiEnvironment.csproj", "{9509C8F8-E9FA-492E-8E92-4E1964947FA9}"
EndProject
Project("{9A19103F-16F7-4668-BE54-9A1E7A4F7556}") = "AtataSamples.MSTest", "MSTest\AtataSamples.MSTest\AtataSamples.MSTest.csproj", "{D35613E8-170A-4C6E-9369-87A3996B53B5}"
EndProject
Project("{9A19103F-16F7-4668-BE54-9A1E7A4F7556}") = "AtataSamples.NetCore.NUnit", "NetCore.NUnit\AtataSamples.NetCore.NUnit\AtataSamples.NetCore.NUnit.csproj", "{B9065310-CC7A-4EE0-A838-63111402180C}"
EndProject
Project("{9A19103F-16F7-4668-BE54-9A1E7A4F7556}") = "AtataSamples.AppConfig", "AppConfig\AtataSamples.AppConfig\AtataSamples.AppConfig.csproj", "{F504BB5B-BFE4-4CD8-93CF-505C770B11C6}"
EndProject
Project("{9A19103F-16F7-4668-BE54-9A1E7A4F7556}") = "AtataSamples.Performance.ControlList", "Performance.ControlList\AtataSamples.Performance.ControlList\AtataSamples.Performance.ControlList.csproj", "{F296B150-C376-44BF-8E82-212031B37736}"
EndProject
Project("{9A19103F-16F7-4668-BE54-9A1E7A4F7556}") = "AtataSamples.TableWithRowSpannedCells", "TableWithRowSpannedCells\AtataSamples.TableWithRowSpannedCells\AtataSamples.TableWithRowSpannedCells.csproj", "{0BBFDE9A-5075-4EA4-941B-8A8663621FFA}"
EndProject
Project("{9A19103F-16F7-4668-BE54-9A1E7A4F7556}") = "AtataSamples.JsonConfiguration.MultiBrowserViaFixtureArguments", "JsonConfiguration.MultiBrowserViaFixtureArguments\AtataSamples.JsonConfiguration.MultiBrowserViaFixtureArguments\AtataSamples.JsonConfiguration.MultiBrowserViaFixtureArguments.csproj", "{C6E411D5-3D0D-4EC6-8D06-382B6E1769E1}"
EndProject
Project("{9A19103F-16F7-4668-BE54-9A1E7A4F7556}") = "AtataSamples.SpecFlow", "SpecFlow\AtataSamples.SpecFlow\AtataSamples.SpecFlow.csproj", "{471CC6F5-D358-48FD-A31F-1F34C2878534}"
EndProject
Project("{9A19103F-16F7-4668-BE54-9A1E7A4F7556}") = "AtataSamples.ParallelTestsReusingDrivers", "ParallelTestsReusingDrivers\AtataSamples.ParallelTestsReusingDrivers\AtataSamples.ParallelTestsReusingDrivers.csproj", "{5C366816-3DE6-4A35-90EA-E1F04E507292}"
EndProject
Project("{9A19103F-16F7-4668-BE54-9A1E7A4F7556}") = "AtataSamples.NUnit.GenericPageTests", "NUnit.GenericPageTests\AtataSamples.NUnit.GenericPageTests\AtataSamples.NUnit.GenericPageTests.csproj", "{F005E388-DCAB-40D8-9904-2D65E47ADAA4}"
EndProject
Project("{9A19103F-16F7-4668-BE54-9A1E7A4F7556}") = "AtataSamples.HeadlessEdge", "HeadlessEdge\AtataSamples.HeadlessEdge\AtataSamples.HeadlessEdge.csproj", "{2F9B5C93-DA44-44CC-84EE-2E307BB1921F}"
EndProject
Project("{9A19103F-16F7-4668-BE54-9A1E7A4F7556}") = "AtataSamples.JQueryUI", "JQueryUI\AtataSamples.JQueryUI\AtataSamples.JQueryUI.csproj", "{43EFE330-F21B-4471-A4F6-D6590D9EB740}"
EndProject
Project("{9A19103F-16F7-4668-BE54-9A1E7A4F7556}") = "AtataSamples.ExtentReports", "ExtentReports\AtataSamples.ExtentReports\AtataSamples.ExtentReports.csproj", "{F7C15D93-6D3A-40A1-816E-A422534E96CF}"
EndProject
Project("{9A19103F-16F7-4668-BE54-9A1E7A4F7556}") = "AtataSamples.MultipleBrowsersInTest", "MultipleBrowsersInTest\AtataSamples.MultipleBrowsersInTest\AtataSamples.MultipleBrowsersInTest.csproj", "{F525AF17-F834-44E4-A962-18950FBBD7F6}"
EndProject
Project("{9A19103F-16F7-4668-BE54-9A1E7A4F7556}") = "AtataSamples.FixtureReusingDriver", "FixtureReusingDriver\AtataSamples.FixtureReusingDriver\AtataSamples.FixtureReusingDriver.csproj", "{F12338E4-2F22-4325-8656-204A794B94C5}"
EndProject
Global
	GlobalSection(SolutionConfigurationPlatforms) = preSolution
		Debug|Any CPU = Debug|Any CPU
		Release|Any CPU = Release|Any CPU
	EndGlobalSection
	GlobalSection(ProjectConfigurationPlatforms) = postSolution
		{8D9849F9-AE79-45CB-BD14-99D5CABADE26}.Debug|Any CPU.ActiveCfg = Debug|Any CPU
		{8D9849F9-AE79-45CB-BD14-99D5CABADE26}.Debug|Any CPU.Build.0 = Debug|Any CPU
		{8D9849F9-AE79-45CB-BD14-99D5CABADE26}.Release|Any CPU.ActiveCfg = Release|Any CPU
		{8D9849F9-AE79-45CB-BD14-99D5CABADE26}.Release|Any CPU.Build.0 = Release|Any CPU
		{62A7531B-BB9B-4DAC-A874-5945D89E8D60}.Debug|Any CPU.ActiveCfg = Debug|Any CPU
		{62A7531B-BB9B-4DAC-A874-5945D89E8D60}.Debug|Any CPU.Build.0 = Debug|Any CPU
		{62A7531B-BB9B-4DAC-A874-5945D89E8D60}.Release|Any CPU.ActiveCfg = Release|Any CPU
		{62A7531B-BB9B-4DAC-A874-5945D89E8D60}.Release|Any CPU.Build.0 = Release|Any CPU
		{57EF6AC7-C4A0-45FD-B61D-0CEA8A8E8FE2}.Debug|Any CPU.ActiveCfg = Debug|Any CPU
		{57EF6AC7-C4A0-45FD-B61D-0CEA8A8E8FE2}.Debug|Any CPU.Build.0 = Debug|Any CPU
		{57EF6AC7-C4A0-45FD-B61D-0CEA8A8E8FE2}.Release|Any CPU.ActiveCfg = Release|Any CPU
		{57EF6AC7-C4A0-45FD-B61D-0CEA8A8E8FE2}.Release|Any CPU.Build.0 = Release|Any CPU
		{67DBC114-6253-4210-8799-318E3099012B}.Debug|Any CPU.ActiveCfg = Debug|Any CPU
		{67DBC114-6253-4210-8799-318E3099012B}.Debug|Any CPU.Build.0 = Debug|Any CPU
		{67DBC114-6253-4210-8799-318E3099012B}.Release|Any CPU.ActiveCfg = Release|Any CPU
		{67DBC114-6253-4210-8799-318E3099012B}.Release|Any CPU.Build.0 = Release|Any CPU
		{606968C2-2C1F-427E-BE0F-D54D9602D271}.Debug|Any CPU.ActiveCfg = Debug|Any CPU
		{606968C2-2C1F-427E-BE0F-D54D9602D271}.Debug|Any CPU.Build.0 = Debug|Any CPU
		{606968C2-2C1F-427E-BE0F-D54D9602D271}.Release|Any CPU.ActiveCfg = Release|Any CPU
		{606968C2-2C1F-427E-BE0F-D54D9602D271}.Release|Any CPU.Build.0 = Release|Any CPU
		{A659A370-ADF1-4BF7-B545-630EEDED8AA3}.Debug|Any CPU.ActiveCfg = Debug|Any CPU
		{A659A370-ADF1-4BF7-B545-630EEDED8AA3}.Debug|Any CPU.Build.0 = Debug|Any CPU
		{A659A370-ADF1-4BF7-B545-630EEDED8AA3}.Release|Any CPU.ActiveCfg = Release|Any CPU
		{A659A370-ADF1-4BF7-B545-630EEDED8AA3}.Release|Any CPU.Build.0 = Release|Any CPU
		{817CD90A-097D-4A03-9BF7-15FE26A41C8C}.Debug|Any CPU.ActiveCfg = Debug|Any CPU
		{817CD90A-097D-4A03-9BF7-15FE26A41C8C}.Debug|Any CPU.Build.0 = Debug|Any CPU
		{817CD90A-097D-4A03-9BF7-15FE26A41C8C}.Release|Any CPU.ActiveCfg = Release|Any CPU
		{817CD90A-097D-4A03-9BF7-15FE26A41C8C}.Release|Any CPU.Build.0 = Release|Any CPU
		{9509C8F8-E9FA-492E-8E92-4E1964947FA9}.Debug|Any CPU.ActiveCfg = Debug|Any CPU
		{9509C8F8-E9FA-492E-8E92-4E1964947FA9}.Debug|Any CPU.Build.0 = Debug|Any CPU
		{9509C8F8-E9FA-492E-8E92-4E1964947FA9}.Release|Any CPU.ActiveCfg = STAGING|Any CPU
		{9509C8F8-E9FA-492E-8E92-4E1964947FA9}.Release|Any CPU.Build.0 = STAGING|Any CPU
		{D35613E8-170A-4C6E-9369-87A3996B53B5}.Debug|Any CPU.ActiveCfg = Debug|Any CPU
		{D35613E8-170A-4C6E-9369-87A3996B53B5}.Debug|Any CPU.Build.0 = Debug|Any CPU
		{D35613E8-170A-4C6E-9369-87A3996B53B5}.Release|Any CPU.ActiveCfg = Release|Any CPU
		{D35613E8-170A-4C6E-9369-87A3996B53B5}.Release|Any CPU.Build.0 = Release|Any CPU
		{B9065310-CC7A-4EE0-A838-63111402180C}.Debug|Any CPU.ActiveCfg = Debug|Any CPU
		{B9065310-CC7A-4EE0-A838-63111402180C}.Debug|Any CPU.Build.0 = Debug|Any CPU
		{B9065310-CC7A-4EE0-A838-63111402180C}.Release|Any CPU.ActiveCfg = Release|Any CPU
		{B9065310-CC7A-4EE0-A838-63111402180C}.Release|Any CPU.Build.0 = Release|Any CPU
		{F504BB5B-BFE4-4CD8-93CF-505C770B11C6}.Debug|Any CPU.ActiveCfg = Debug|Any CPU
		{F504BB5B-BFE4-4CD8-93CF-505C770B11C6}.Debug|Any CPU.Build.0 = Debug|Any CPU
		{F504BB5B-BFE4-4CD8-93CF-505C770B11C6}.Release|Any CPU.ActiveCfg = Release|Any CPU
		{F504BB5B-BFE4-4CD8-93CF-505C770B11C6}.Release|Any CPU.Build.0 = Release|Any CPU
		{F296B150-C376-44BF-8E82-212031B37736}.Debug|Any CPU.ActiveCfg = Debug|Any CPU
		{F296B150-C376-44BF-8E82-212031B37736}.Debug|Any CPU.Build.0 = Debug|Any CPU
		{F296B150-C376-44BF-8E82-212031B37736}.Release|Any CPU.ActiveCfg = Release|Any CPU
		{F296B150-C376-44BF-8E82-212031B37736}.Release|Any CPU.Build.0 = Release|Any CPU
		{0BBFDE9A-5075-4EA4-941B-8A8663621FFA}.Debug|Any CPU.ActiveCfg = Debug|Any CPU
		{0BBFDE9A-5075-4EA4-941B-8A8663621FFA}.Debug|Any CPU.Build.0 = Debug|Any CPU
		{0BBFDE9A-5075-4EA4-941B-8A8663621FFA}.Release|Any CPU.ActiveCfg = Release|Any CPU
		{0BBFDE9A-5075-4EA4-941B-8A8663621FFA}.Release|Any CPU.Build.0 = Release|Any CPU
		{C6E411D5-3D0D-4EC6-8D06-382B6E1769E1}.Debug|Any CPU.ActiveCfg = Debug|Any CPU
		{C6E411D5-3D0D-4EC6-8D06-382B6E1769E1}.Debug|Any CPU.Build.0 = Debug|Any CPU
		{C6E411D5-3D0D-4EC6-8D06-382B6E1769E1}.Release|Any CPU.ActiveCfg = Release|Any CPU
		{C6E411D5-3D0D-4EC6-8D06-382B6E1769E1}.Release|Any CPU.Build.0 = Release|Any CPU
		{471CC6F5-D358-48FD-A31F-1F34C2878534}.Debug|Any CPU.ActiveCfg = Debug|Any CPU
		{471CC6F5-D358-48FD-A31F-1F34C2878534}.Debug|Any CPU.Build.0 = Debug|Any CPU
		{471CC6F5-D358-48FD-A31F-1F34C2878534}.Release|Any CPU.ActiveCfg = Release|Any CPU
		{471CC6F5-D358-48FD-A31F-1F34C2878534}.Release|Any CPU.Build.0 = Release|Any CPU
		{5C366816-3DE6-4A35-90EA-E1F04E507292}.Debug|Any CPU.ActiveCfg = Debug|Any CPU
		{5C366816-3DE6-4A35-90EA-E1F04E507292}.Debug|Any CPU.Build.0 = Debug|Any CPU
		{5C366816-3DE6-4A35-90EA-E1F04E507292}.Release|Any CPU.ActiveCfg = Release|Any CPU
		{5C366816-3DE6-4A35-90EA-E1F04E507292}.Release|Any CPU.Build.0 = Release|Any CPU
		{F005E388-DCAB-40D8-9904-2D65E47ADAA4}.Debug|Any CPU.ActiveCfg = Debug|Any CPU
		{F005E388-DCAB-40D8-9904-2D65E47ADAA4}.Debug|Any CPU.Build.0 = Debug|Any CPU
		{F005E388-DCAB-40D8-9904-2D65E47ADAA4}.Release|Any CPU.ActiveCfg = Release|Any CPU
		{F005E388-DCAB-40D8-9904-2D65E47ADAA4}.Release|Any CPU.Build.0 = Release|Any CPU
		{2F9B5C93-DA44-44CC-84EE-2E307BB1921F}.Debug|Any CPU.ActiveCfg = Debug|Any CPU
		{2F9B5C93-DA44-44CC-84EE-2E307BB1921F}.Debug|Any CPU.Build.0 = Debug|Any CPU
		{2F9B5C93-DA44-44CC-84EE-2E307BB1921F}.Release|Any CPU.ActiveCfg = Release|Any CPU
		{2F9B5C93-DA44-44CC-84EE-2E307BB1921F}.Release|Any CPU.Build.0 = Release|Any CPU
		{43EFE330-F21B-4471-A4F6-D6590D9EB740}.Debug|Any CPU.ActiveCfg = Debug|Any CPU
		{43EFE330-F21B-4471-A4F6-D6590D9EB740}.Debug|Any CPU.Build.0 = Debug|Any CPU
		{43EFE330-F21B-4471-A4F6-D6590D9EB740}.Release|Any CPU.ActiveCfg = Release|Any CPU
		{43EFE330-F21B-4471-A4F6-D6590D9EB740}.Release|Any CPU.Build.0 = Release|Any CPU
		{F7C15D93-6D3A-40A1-816E-A422534E96CF}.Debug|Any CPU.ActiveCfg = Debug|Any CPU
		{F7C15D93-6D3A-40A1-816E-A422534E96CF}.Debug|Any CPU.Build.0 = Debug|Any CPU
		{F7C15D93-6D3A-40A1-816E-A422534E96CF}.Release|Any CPU.ActiveCfg = Release|Any CPU
		{F7C15D93-6D3A-40A1-816E-A422534E96CF}.Release|Any CPU.Build.0 = Release|Any CPU
		{F525AF17-F834-44E4-A962-18950FBBD7F6}.Debug|Any CPU.ActiveCfg = Debug|Any CPU
		{F525AF17-F834-44E4-A962-18950FBBD7F6}.Debug|Any CPU.Build.0 = Debug|Any CPU
		{F525AF17-F834-44E4-A962-18950FBBD7F6}.Release|Any CPU.ActiveCfg = Release|Any CPU
		{F525AF17-F834-44E4-A962-18950FBBD7F6}.Release|Any CPU.Build.0 = Release|Any CPU
		{F12338E4-2F22-4325-8656-204A794B94C5}.Debug|Any CPU.ActiveCfg = Debug|Any CPU
		{F12338E4-2F22-4325-8656-204A794B94C5}.Debug|Any CPU.Build.0 = Debug|Any CPU
		{F12338E4-2F22-4325-8656-204A794B94C5}.Release|Any CPU.ActiveCfg = Release|Any CPU
		{F12338E4-2F22-4325-8656-204A794B94C5}.Release|Any CPU.Build.0 = Release|Any CPU
	EndGlobalSection
	GlobalSection(SolutionProperties) = preSolution
		HideSolutionNode = FALSE
	EndGlobalSection
	GlobalSection(ExtensibilityGlobals) = postSolution
		SolutionGuid = {4307CAF0-B589-437F-9383-86D88810C7A4}
	EndGlobalSection
EndGlobal
