
Microsoft Visual Studio Solution File, Format Version 12.00
# Visual Studio Version 17
VisualStudioVersion = 17.14.36616.10
MinimumVisualStudioVersion = 10.0.40219.1
Project("{FAE04EC0-301F-11D3-BF4B-00C04F79EFBC}") = "AtataSamples.AuthorizationRoleBasedSessionPools", "AtataSamples.AuthorizationRoleBasedSessionPools\AtataSamples.AuthorizationRoleBasedSessionPools.csproj", "{996F53F1-A989-FF0F-DADB-2B08AE15C8E1}"
EndProject
Global
	GlobalSection(SolutionConfigurationPlatforms) = preSolution
		Debug|Any CPU = Debug|Any CPU
		Release|Any CPU = Release|Any CPU
	EndGlobalSection
	GlobalSection(ProjectConfigurationPlatforms) = postSolution
		{996F53F1-A989-FF0F-DADB-2B08AE15C8E1}.Debug|Any CPU.ActiveCfg = Debug|Any CPU
		{996F53F1-A989-FF0F-DADB-2B08AE15C8E1}.Debug|Any CPU.Build.0 = Debug|Any CPU
		{996F53F1-A989-FF0F-DADB-2B08AE15C8E1}.Release|Any CPU.ActiveCfg = Release|Any CPU
		{996F53F1-A989-FF0F-DADB-2B08AE15C8E1}.Release|Any CPU.Build.0 = Release|Any CPU
	EndGlobalSection
	GlobalSection(SolutionProperties) = preSolution
		HideSolutionNode = FALSE
	EndGlobalSection
	GlobalSection(ExtensibilityGlobals) = postSolution
		SolutionGuid = {1F9FF123-E9A2-4BE4-AB9D-3904809D573F}
	EndGlobalSection
EndGlobal
