
Microsoft Visual Studio Solution File, Format Version 12.00
# Visual Studio Version 17
VisualStudioVersion = 17.11.35431.28
MinimumVisualStudioVersion = 10.0.40219.1
Project("{9A19103F-16F7-4668-BE54-9A1E7A4F7556}") = "AtataSamples.DevExtreme", "AtataSamples.DevExtreme\AtataSamples.DevExtreme.csproj", "{F3AF62D6-74F9-423F-9DE4-8DA03CC3069B}"
EndProject
Global
	GlobalSection(SolutionConfigurationPlatforms) = preSolution
		Debug|Any CPU = Debug|Any CPU
		Release|Any CPU = Release|Any CPU
	EndGlobalSection
	GlobalSection(ProjectConfigurationPlatforms) = postSolution
		{F3AF62D6-74F9-423F-9DE4-8DA03CC3069B}.Debug|Any CPU.ActiveCfg = Debug|Any CPU
		{F3AF62D6-74F9-423F-9DE4-8DA03CC3069B}.Debug|Any CPU.Build.0 = Debug|Any CPU
		{F3AF62D6-74F9-423F-9DE4-8DA03CC3069B}.Release|Any CPU.ActiveCfg = Release|Any CPU
		{F3AF62D6-74F9-423F-9DE4-8DA03CC3069B}.Release|Any CPU.Build.0 = Release|Any CPU
	EndGlobalSection
	GlobalSection(SolutionProperties) = preSolution
		HideSolutionNode = FALSE
	EndGlobalSection
	GlobalSection(ExtensibilityGlobals) = postSolution
		SolutionGuid = {5F13AB34-6223-4235-AFA5-507A1C70175B}
	EndGlobalSection
EndGlobal
