
Microsoft Visual Studio Solution File, Format Version 12.00
# Visual Studio Version 16
VisualStudioVersion = 16.0.30330.147
MinimumVisualStudioVersion = 10.0.40219.1
Project("{FAE04EC0-301F-11D3-BF4B-00C04F79EFBC}") = "AtataSamples.HeadlessEdge", "AtataSamples.HeadlessEdge\AtataSamples.HeadlessEdge.csproj", "{3225EBB7-C9E8-4133-8F9C-F8797DA2E38B}"
EndProject
Global
	GlobalSection(SolutionConfigurationPlatforms) = preSolution
		Debug|Any CPU = Debug|Any CPU
		Release|Any CPU = Release|Any CPU
	EndGlobalSection
	GlobalSection(ProjectConfigurationPlatforms) = postSolution
		{3225EBB7-C9E8-4133-8F9C-F8797DA2E38B}.Debug|Any CPU.ActiveCfg = Debug|Any CPU
		{3225EBB7-C9E8-4133-8F9C-F8797DA2E38B}.Debug|Any CPU.Build.0 = Debug|Any CPU
		{3225EBB7-C9E8-4133-8F9C-F8797DA2E38B}.Release|Any CPU.ActiveCfg = Release|Any CPU
		{3225EBB7-C9E8-4133-8F9C-F8797DA2E38B}.Release|Any CPU.Build.0 = Release|Any CPU
	EndGlobalSection
	GlobalSection(SolutionProperties) = preSolution
		HideSolutionNode = FALSE
	EndGlobalSection
	GlobalSection(ExtensibilityGlobals) = postSolution
		SolutionGuid = {E05D4325-E966-425A-8523-3E2D032139C7}
	EndGlobalSection
EndGlobal
