
Microsoft Visual Studio Solution File, Format Version 12.00
# Visual Studio Version 17
VisualStudioVersion = 17.2.32630.192
MinimumVisualStudioVersion = 10.0.40219.1
Project("{9A19103F-16F7-4668-BE54-9A1E7A4F7556}") = "AtataSamples.Configuration.Mixed", "AtataSamples.Configuration.Mixed\AtataSamples.Configuration.Mixed.csproj", "{776C729A-46F2-4B0D-BAAE-60A3360C0E99}"
EndProject
Global
	GlobalSection(SolutionConfigurationPlatforms) = preSolution
		Debug|Any CPU = Debug|Any CPU
		Release|Any CPU = Release|Any CPU
	EndGlobalSection
	GlobalSection(ProjectConfigurationPlatforms) = postSolution
		{776C729A-46F2-4B0D-BAAE-60A3360C0E99}.Debug|Any CPU.ActiveCfg = Debug|Any CPU
		{776C729A-46F2-4B0D-BAAE-60A3360C0E99}.Debug|Any CPU.Build.0 = Debug|Any CPU
		{776C729A-46F2-4B0D-BAAE-60A3360C0E99}.Release|Any CPU.ActiveCfg = Release|Any CPU
		{776C729A-46F2-4B0D-BAAE-60A3360C0E99}.Release|Any CPU.Build.0 = Release|Any CPU
	EndGlobalSection
	GlobalSection(SolutionProperties) = preSolution
		HideSolutionNode = FALSE
	EndGlobalSection
	GlobalSection(ExtensibilityGlobals) = postSolution
		SolutionGuid = {44E18071-3BA3-48D1-BD57-A915C3C6702E}
	EndGlobalSection
EndGlobal
