
Microsoft Visual Studio Solution File, Format Version 12.00
# Visual Studio Version 17
VisualStudioVersion = 17.8.34330.188
MinimumVisualStudioVersion = 10.0.40219.1
Project("{FAE04EC0-301F-11D3-BF4B-00C04F79EFBC}") = "AtataSamples.NUnit.AdvancedTestProject", "AtataSamples.NUnit.AdvancedTestProject\AtataSamples.NUnit.AdvancedTestProject.csproj", "{CFCE5D47-7338-444D-A724-79D951305D6D}"
EndProject
Project("{2150E333-8FDC-42A3-9474-1A3956D46DE8}") = "Solution Items", "Solution Items", "{A655B6C5-D073-46F6-8A4C-5666785F1D12}"
	ProjectSection(SolutionItems) = preProject
		README.md = README.md
	EndProjectSection
EndProject
Global
	GlobalSection(SolutionConfigurationPlatforms) = preSolution
		Debug|Any CPU = Debug|Any CPU
		Release|Any CPU = Release|Any CPU
	EndGlobalSection
	GlobalSection(ProjectConfigurationPlatforms) = postSolution
		{CFCE5D47-7338-444D-A724-79D951305D6D}.Debug|Any CPU.ActiveCfg = Debug|Any CPU
		{CFCE5D47-7338-444D-A724-79D951305D6D}.Debug|Any CPU.Build.0 = Debug|Any CPU
		{CFCE5D47-7338-444D-A724-79D951305D6D}.Release|Any CPU.ActiveCfg = Release|Any CPU
		{CFCE5D47-7338-444D-A724-79D951305D6D}.Release|Any CPU.Build.0 = Release|Any CPU
	EndGlobalSection
	GlobalSection(SolutionProperties) = preSolution
		HideSolutionNode = FALSE
	EndGlobalSection
	GlobalSection(ExtensibilityGlobals) = postSolution
		SolutionGuid = {64E3E65D-66E2-4796-8323-5503186108F5}
	EndGlobalSection
EndGlobal
