
Microsoft Visual Studio Solution File, Format Version 12.00
# Visual Studio 15
VisualStudioVersion = 15.0.26730.16
MinimumVisualStudioVersion = 10.0.40219.1
Project("{FAE04EC0-301F-11D3-BF4B-00C04F79EFBC}") = "AtataSamples.PageVerification", "AtataSamples.PageVerification\AtataSamples.PageVerification.csproj", "{8D9849F9-AE79-45CB-BD14-99D5CABADE26}"
EndProject
Global
	GlobalSection(SolutionConfigurationPlatforms) = preSolution
		Debug|Any CPU = Debug|Any CPU
		Release|Any CPU = Release|Any CPU
	EndGlobalSection
	GlobalSection(ProjectConfigurationPlatforms) = postSolution
		{8D9849F9-AE79-45CB-BD14-99D5CABADE26}.Debug|Any CPU.ActiveCfg = Debug|Any CPU
		{8D9849F9-AE79-45CB-BD14-99D5CABADE26}.Debug|Any CPU.Build.0 = Debug|Any CPU
		{8D9849F9-AE79-45CB-BD14-99D5CABADE26}.Release|Any CPU.ActiveCfg = Release|Any CPU
		{8D9849F9-AE79-45CB-BD14-99D5CABADE26}.Release|Any CPU.Build.0 = Release|Any CPU
	EndGlobalSection
	GlobalSection(SolutionProperties) = preSolution
		HideSolutionNode = FALSE
	EndGlobalSection
EndGlobal
