
Microsoft Visual Studio Solution File, Format Version 12.00
# Visual Studio Version 16
VisualStudioVersion = 16.0.30503.244
MinimumVisualStudioVersion = 10.0.40219.1
Project("{9A19103F-16F7-4668-BE54-9A1E7A4F7556}") = "AtataSamples.ExtentReports", "AtataSamples.ExtentReports\AtataSamples.ExtentReports.csproj", "{50724E65-6BF9-4C9B-90E7-B01059144220}"
EndProject
Global
	GlobalSection(SolutionConfigurationPlatforms) = preSolution
		Debug|Any CPU = Debug|Any CPU
		Release|Any CPU = Release|Any CPU
	EndGlobalSection
	GlobalSection(ProjectConfigurationPlatforms) = postSolution
		{50724E65-6BF9-4C9B-90E7-B01059144220}.Debug|Any CPU.ActiveCfg = Debug|Any CPU
		{50724E65-6BF9-4C9B-90E7-B01059144220}.Debug|Any CPU.Build.0 = Debug|Any CPU
		{50724E65-6BF9-4C9B-90E7-B01059144220}.Release|Any CPU.ActiveCfg = Release|Any CPU
		{50724E65-6BF9-4C9B-90E7-B01059144220}.Release|Any CPU.Build.0 = Release|Any CPU
	EndGlobalSection
	GlobalSection(SolutionProperties) = preSolution
		HideSolutionNode = FALSE
	EndGlobalSection
	GlobalSection(ExtensibilityGlobals) = postSolution
		SolutionGuid = {FE5C8E50-343D-43C8-9B76-AA9FA398F734}
	EndGlobalSection
EndGlobal
