
Microsoft Visual Studio Solution File, Format Version 12.00
# Visual Studio Version 16
VisualStudioVersion = 16.0.29424.173
MinimumVisualStudioVersion = 10.0.40219.1
Project("{9A19103F-16F7-4668-BE54-9A1E7A4F7556}") = "AtataSamples.SpecFlow", "AtataSamples.SpecFlow\AtataSamples.SpecFlow.csproj", "{330341FC-A75E-4FDC-9AB5-A666E72F73D5}"
EndProject
Global
	GlobalSection(SolutionConfigurationPlatforms) = preSolution
		Debug|Any CPU = Debug|Any CPU
		Release|Any CPU = Release|Any CPU
	EndGlobalSection
	GlobalSection(ProjectConfigurationPlatforms) = postSolution
		{330341FC-A75E-4FDC-9AB5-A666E72F73D5}.Debug|Any CPU.ActiveCfg = Debug|Any CPU
		{330341FC-A75E-4FDC-9AB5-A666E72F73D5}.Debug|Any CPU.Build.0 = Debug|Any CPU
		{330341FC-A75E-4FDC-9AB5-A666E72F73D5}.Release|Any CPU.ActiveCfg = Release|Any CPU
		{330341FC-A75E-4FDC-9AB5-A666E72F73D5}.Release|Any CPU.Build.0 = Release|Any CPU
	EndGlobalSection
	GlobalSection(SolutionProperties) = preSolution
		HideSolutionNode = FALSE
	EndGlobalSection
	GlobalSection(ExtensibilityGlobals) = postSolution
		SolutionGuid = {A3CDA2B4-80A5-4083-8435-69DBB625121D}
	EndGlobalSection
EndGlobal
