
Microsoft Visual Studio Solution File, Format Version 12.00
# Visual Studio Version 16
VisualStudioVersion = 16.0.29418.71
MinimumVisualStudioVersion = 10.0.40219.1
Project("{9A19103F-16F7-4668-BE54-9A1E7A4F7556}") = "AtataSamples.NetCore3.NUnit", "AtataSamples.NetCore3.NUnit\AtataSamples.NetCore3.NUnit.csproj", "{616A3758-E899-4157-83EF-CDD912D7E31B}"
EndProject
Global
	GlobalSection(SolutionConfigurationPlatforms) = preSolution
		Debug|Any CPU = Debug|Any CPU
		Release|Any CPU = Release|Any CPU
	EndGlobalSection
	GlobalSection(ProjectConfigurationPlatforms) = postSolution
		{616A3758-E899-4157-83EF-CDD912D7E31B}.Debug|Any CPU.ActiveCfg = Debug|Any CPU
		{616A3758-E899-4157-83EF-CDD912D7E31B}.Debug|Any CPU.Build.0 = Debug|Any CPU
		{616A3758-E899-4157-83EF-CDD912D7E31B}.Release|Any CPU.ActiveCfg = Release|Any CPU
		{616A3758-E899-4157-83EF-CDD912D7E31B}.Release|Any CPU.Build.0 = Release|Any CPU
	EndGlobalSection
	GlobalSection(SolutionProperties) = preSolution
		HideSolutionNode = FALSE
	EndGlobalSection
	GlobalSection(ExtensibilityGlobals) = postSolution
		SolutionGuid = {A9129036-C9FB-4C1D-9A28-F2EB00835337}
	EndGlobalSection
EndGlobal
