
Microsoft Visual Studio Solution File, Format Version 12.00
# Visual Studio 15
VisualStudioVersion = 15.0.28307.136
MinimumVisualStudioVersion = 10.0.40219.1
Project("{FAE04EC0-301F-11D3-BF4B-00C04F79EFBC}") = "AtataSamples.AppConfig", "AtataSamples.AppConfig\AtataSamples.AppConfig.csproj", "{F504BB5B-BFE4-4CD8-93CF-505C770B11C6}"
EndProject
Global
	GlobalSection(SolutionConfigurationPlatforms) = preSolution
		Debug|Any CPU = Debug|Any CPU
		Release|Any CPU = Release|Any CPU
	EndGlobalSection
	GlobalSection(ProjectConfigurationPlatforms) = postSolution
		{F504BB5B-BFE4-4CD8-93CF-505C770B11C6}.Debug|Any CPU.ActiveCfg = Debug|Any CPU
		{F504BB5B-BFE4-4CD8-93CF-505C770B11C6}.Debug|Any CPU.Build.0 = Debug|Any CPU
		{F504BB5B-BFE4-4CD8-93CF-505C770B11C6}.Release|Any CPU.ActiveCfg = Release|Any CPU
		{F504BB5B-BFE4-4CD8-93CF-505C770B11C6}.Release|Any CPU.Build.0 = Release|Any CPU
	EndGlobalSection
	GlobalSection(SolutionProperties) = preSolution
		HideSolutionNode = FALSE
	EndGlobalSection
	GlobalSection(ExtensibilityGlobals) = postSolution
		SolutionGuid = {BBDDE2B7-3826-4AD2-B023-22C3E8D889F7}
	EndGlobalSection
EndGlobal
