
Microsoft Visual Studio Solution File, Format Version 12.00
# Visual Studio Version 17
VisualStudioVersion = 17.8.34330.188
MinimumVisualStudioVersion = 10.0.40219.1
Project("{FAE04EC0-301F-11D3-BF4B-00C04F79EFBC}") = "AtataSamples.SauceLabs", "AtataSamples.SauceLabs\AtataSamples.SauceLabs.csproj", "{99D00511-441A-4109-95EA-3BE9515B93B6}"
EndProject
Global
	GlobalSection(SolutionConfigurationPlatforms) = preSolution
		Debug|Any CPU = Debug|Any CPU
		Release|Any CPU = Release|Any CPU
	EndGlobalSection
	GlobalSection(ProjectConfigurationPlatforms) = postSolution
		{99D00511-441A-4109-95EA-3BE9515B93B6}.Debug|Any CPU.ActiveCfg = Debug|Any CPU
		{99D00511-441A-4109-95EA-3BE9515B93B6}.Debug|Any CPU.Build.0 = Debug|Any CPU
		{99D00511-441A-4109-95EA-3BE9515B93B6}.Release|Any CPU.ActiveCfg = Release|Any CPU
		{99D00511-441A-4109-95EA-3BE9515B93B6}.Release|Any CPU.Build.0 = Release|Any CPU
	EndGlobalSection
	GlobalSection(SolutionProperties) = preSolution
		HideSolutionNode = FALSE
	EndGlobalSection
	GlobalSection(ExtensibilityGlobals) = postSolution
		SolutionGuid = {F86DF194-655A-4F7D-A2E0-782167C9BE36}
	EndGlobalSection
EndGlobal
